<?xml version="1.0" encoding="utf-8"?>
<Project ToolsVersion="4.0" xmlns="http://schemas.microsoft.com/developer/msbuild/2003">
  <ItemGroup>
    <Filter Include="源文件">
      <UniqueIdentifier>{4FC737F1-C7A5-4376-A066-2A32D752A2FF}</UniqueIdentifier>
      <Extensions>cpp;c;cc;cxx;c++;cppm;ixx;def;odl;idl;hpj;bat;asm;asmx</Extensions>
    </Filter>
    <Filter Include="头文件">
      <UniqueIdentifier>{93995380-89BD-4b04-88EB-625FBE52EBFB}</UniqueIdentifier>
      <Extensions>h;hh;hpp;hxx;h++;hm;inl;inc;ipp;xsd</Extensions>
    </Filter>
    <Filter Include="资源文件">
      <UniqueIdentifier>{67DA6AB6-F800-4c08-8B7A-83BB121AAD01}</UniqueIdentifier>
      <Extensions>rc;ico;cur;bmp;dlg;rc2;rct;bin;rgs;gif;jpg;jpeg;jpe;resx;tiff;tif;png;wav;mfcribbon-ms</Extensions>
    </Filter>
    <Filter Include="源文件\C++笔记1_初识C++">
      <UniqueIdentifier>{91b61734-4071-4156-bacd-c1f591f96c2b}</UniqueIdentifier>
    </Filter>
    <Filter Include="源文件\C++笔记2_类和对象">
      <UniqueIdentifier>{38cc1ebe-037e-4053-bac2-345f9d27831e}</UniqueIdentifier>
    </Filter>
    <Filter Include="源文件\C++笔记3_C++内存管理">
      <UniqueIdentifier>{3a4aaa02-36ef-4b2b-bad4-8f7dcc31b01b}</UniqueIdentifier>
    </Filter>
    <Filter Include="源文件\C++笔记4_模板">
      <UniqueIdentifier>{5d66d256-8aee-473d-b0b0-7b8a09d2c6f1}</UniqueIdentifier>
    </Filter>
    <Filter Include="源文件\C++笔记5_STL">
      <UniqueIdentifier>{dc02aa3f-9323-4aac-8df1-0f26aafeca72}</UniqueIdentifier>
    </Filter>
    <Filter Include="源文件\C++笔记5_STL\容器">
      <UniqueIdentifier>{8fcc91bc-83e3-4f01-b2e3-06d1de708cd2}</UniqueIdentifier>
    </Filter>
    <Filter Include="源文件\C++笔记5_STL\迭代器">
      <UniqueIdentifier>{9ad3cdc7-61b1-44d0-bbf0-6da753480f36}</UniqueIdentifier>
    </Filter>
    <Filter Include="源文件\C++笔记5_STL\仿函数">
      <UniqueIdentifier>{606e996a-938a-4544-bbd4-858b0d682e6f}</UniqueIdentifier>
    </Filter>
    <Filter Include="源文件\C++笔记5_STL\空间配置器">
      <UniqueIdentifier>{d6ccaad5-8894-4f08-84f0-806d7afbba0d}</UniqueIdentifier>
    </Filter>
    <Filter Include="源文件\C++笔记5_STL\配接器">
      <UniqueIdentifier>{5f2bac47-cef6-4c84-a5e3-aef2a5dcf8e3}</UniqueIdentifier>
    </Filter>
    <Filter Include="源文件\C++笔记5_STL\算法">
      <UniqueIdentifier>{84083c4f-2d01-4b5f-b926-c456dc576b5e}</UniqueIdentifier>
    </Filter>
    <Filter Include="源文件\C++笔记5_STL\容器\String">
      <UniqueIdentifier>{50cbf94c-6908-42ca-ba83-0d1bca584cc3}</UniqueIdentifier>
    </Filter>
  </ItemGroup>
  <ItemGroup>
    <ClCompile Include="main.cpp">
      <Filter>源文件</Filter>
    </ClCompile>
    <ClCompile Include="C++笔记1_初识C++\testAuto.cpp">
      <Filter>源文件\C++笔记1_初识C++</Filter>
    </ClCompile>
    <ClCompile Include="C++笔记1_初识C++\testDefaultParameters.cpp">
      <Filter>源文件\C++笔记1_初识C++</Filter>
    </ClCompile>
    <ClCompile Include="C++笔记1_初识C++\testFunctionOverloading.cpp">
      <Filter>源文件\C++笔记1_初识C++</Filter>
    </ClCompile>
    <ClCompile Include="C++笔记1_初识C++\testInline.cpp">
      <Filter>源文件\C++笔记1_初识C++</Filter>
    </ClCompile>
    <ClCompile Include="C++笔记1_初识C++\testInputOutput.cpp">
      <Filter>源文件\C++笔记1_初识C++</Filter>
    </ClCompile>
    <ClCompile Include="C++笔记1_初识C++\testNamespace.cpp">
      <Filter>源文件\C++笔记1_初识C++</Filter>
    </ClCompile>
    <ClCompile Include="C++笔记1_初识C++\testRangeFor.cpp">
      <Filter>源文件\C++笔记1_初识C++</Filter>
    </ClCompile>
    <ClCompile Include="C++笔记1_初识C++\testReference.cpp">
      <Filter>源文件\C++笔记1_初识C++</Filter>
    </ClCompile>
    <ClCompile Include="C++笔记1_初识C++\main1.cpp">
      <Filter>源文件\C++笔记1_初识C++</Filter>
    </ClCompile>
    <ClCompile Include="C++笔记2_类和对象\testAnonymousObject.cpp">
      <Filter>源文件\C++笔记2_类和对象</Filter>
    </ClCompile>
    <ClCompile Include="C++笔记2_类和对象\testClassAndStruct.cpp">
      <Filter>源文件\C++笔记2_类和对象</Filter>
    </ClCompile>
    <ClCompile Include="C++笔记2_类和对象\testClassDeclaraiAdDefinie.cpp">
      <Filter>源文件\C++笔记2_类和对象</Filter>
    </ClCompile>
    <ClCompile Include="C++笔记2_类和对象\testClassInstantiate.cpp">
      <Filter>源文件\C++笔记2_类和对象</Filter>
    </ClCompile>
    <ClCompile Include="C++笔记2_类和对象\testClassScope.cpp">
      <Filter>源文件\C++笔记2_类和对象</Filter>
    </ClCompile>
    <ClCompile Include="C++笔记2_类和对象\testClassSizeof.cpp">
      <Filter>源文件\C++笔记2_类和对象</Filter>
    </ClCompile>
    <ClCompile Include="C++笔记2_类和对象\testClassThisPointer.cpp">
      <Filter>源文件\C++笔记2_类和对象</Filter>
    </ClCompile>
    <ClCompile Include="C++笔记2_类和对象\testConstMemberFunction.cpp">
      <Filter>源文件\C++笔记2_类和对象</Filter>
    </ClCompile>
    <ClCompile Include="C++笔记2_类和对象\testConstructorFunction.cpp">
      <Filter>源文件\C++笔记2_类和对象</Filter>
    </ClCompile>
    <ClCompile Include="C++笔记2_类和对象\testDefaultMemberFunction.cpp">
      <Filter>源文件\C++笔记2_类和对象</Filter>
    </ClCompile>
    <ClCompile Include="C++笔记2_类和对象\testFriend.cpp">
      <Filter>源文件\C++笔记2_类和对象</Filter>
    </ClCompile>
    <ClCompile Include="C++笔记2_类和对象\testObjectAndOptmize.cpp">
      <Filter>源文件\C++笔记2_类和对象</Filter>
    </ClCompile>
    <ClCompile Include="C++笔记2_类和对象\testStaticMember.cpp">
      <Filter>源文件\C++笔记2_类和对象</Filter>
    </ClCompile>
    <ClCompile Include="C++笔记2_类和对象\main2.cpp">
      <Filter>源文件\C++笔记2_类和对象</Filter>
    </ClCompile>
    <ClCompile Include="C++笔记2_类和对象\testAccessSpecifiers.cpp">
      <Filter>源文件\C++笔记2_类和对象</Filter>
    </ClCompile>
    <ClCompile Include="C++笔记3_C++内存管理\main3.cpp">
      <Filter>源文件\C++笔记3_C++内存管理</Filter>
    </ClCompile>
    <ClCompile Include="C++笔记3_C++内存管理\testPlacementNew.cpp">
      <Filter>源文件\C++笔记3_C++内存管理</Filter>
    </ClCompile>
    <ClCompile Include="C++笔记4_模板\main4.cpp">
      <Filter>源文件\C++笔记4_模板</Filter>
    </ClCompile>
    <ClCompile Include="C++笔记4_模板\testClassTemplate.cpp">
      <Filter>源文件\C++笔记4_模板</Filter>
    </ClCompile>
    <ClCompile Include="C++笔记4_模板\testTemplateFunction.cpp">
      <Filter>源文件\C++笔记4_模板</Filter>
    </ClCompile>
    <ClCompile Include="C++笔记5_STL\main5.cpp">
      <Filter>源文件\C++笔记5_STL</Filter>
    </ClCompile>
    <ClCompile Include="C++笔记5_STL\算法\main_algorithm.cpp">
      <Filter>源文件\C++笔记5_STL\算法</Filter>
    </ClCompile>
    <ClCompile Include="C++笔记5_STL\配接器\main_adapter.cpp">
      <Filter>源文件\C++笔记5_STL\配接器</Filter>
    </ClCompile>
    <ClCompile Include="C++笔记5_STL\空间配置器\main_spaceConfigurator.cpp">
      <Filter>源文件\C++笔记5_STL\空间配置器</Filter>
    </ClCompile>
    <ClCompile Include="C++笔记5_STL\仿函数\main_functor.cpp">
      <Filter>源文件\C++笔记5_STL\仿函数</Filter>
    </ClCompile>
    <ClCompile Include="C++笔记5_STL\迭代器\main_iterator.cpp">
      <Filter>源文件\C++笔记5_STL\迭代器</Filter>
    </ClCompile>
    <ClCompile Include="C++笔记5_STL\容器\main_container.cpp">
      <Filter>源文件\C++笔记5_STL\容器</Filter>
    </ClCompile>
    <ClCompile Include="C++笔记5_STL\容器\string.cpp">
      <Filter>源文件\C++笔记5_STL\容器\String</Filter>
    </ClCompile>
  </ItemGroup>
  <ItemGroup>
    <ClInclude Include="test.h">
      <Filter>头文件</Filter>
    </ClInclude>
    <ClInclude Include="C++笔记1_初识C++\testC++1_初识C++.h">
      <Filter>源文件\C++笔记1_初识C++</Filter>
    </ClInclude>
    <ClInclude Include="C++笔记2_类和对象\testC++2_类和对象.h">
      <Filter>源文件\C++笔记2_类和对象</Filter>
    </ClInclude>
    <ClInclude Include="C++笔记2_类和对象\testClassDeclaraiAdDefinie.h">
      <Filter>源文件\C++笔记2_类和对象</Filter>
    </ClInclude>
    <ClInclude Include="C++笔记3_C++内存管理\testC++3_内存管理.h">
      <Filter>源文件\C++笔记3_C++内存管理</Filter>
    </ClInclude>
    <ClInclude Include="C++笔记3_C++内存管理\testCppMemoryController.h">
      <Filter>源文件\C++笔记3_C++内存管理</Filter>
    </ClInclude>
    <ClInclude Include="C++笔记4_模板\testC++4_模板.h">
      <Filter>源文件\C++笔记4_模板</Filter>
    </ClInclude>
    <ClInclude Include="C++笔记5_STL\testC++5_STL.h">
      <Filter>源文件\C++笔记5_STL</Filter>
    </ClInclude>
    <ClInclude Include="C++笔记5_STL\算法\algorithm.h">
      <Filter>源文件\C++笔记5_STL\算法</Filter>
    </ClInclude>
    <ClInclude Include="C++笔记5_STL\配接器\adapter.h">
      <Filter>源文件\C++笔记5_STL\配接器</Filter>
    </ClInclude>
    <ClInclude Include="C++笔记5_STL\空间配置器\spaceConfigurator.h">
      <Filter>源文件\C++笔记5_STL\空间配置器</Filter>
    </ClInclude>
    <ClInclude Include="C++笔记5_STL\仿函数\functor.h">
      <Filter>源文件\C++笔记5_STL\仿函数</Filter>
    </ClInclude>
    <ClInclude Include="C++笔记5_STL\迭代器\iterator.h">
      <Filter>源文件\C++笔记5_STL\迭代器</Filter>
    </ClInclude>
    <ClInclude Include="C++笔记5_STL\容器\container.h">
      <Filter>源文件\C++笔记5_STL\容器</Filter>
    </ClInclude>
    <ClInclude Include="C++笔记5_STL\容器\string.h">
      <Filter>源文件\C++笔记5_STL\容器\String</Filter>
    </ClInclude>
  </ItemGroup>
</Project>